github.com/Algo2147483647/golang_toolkit v0.0.8 h1:9h9wMHXEyJo5e04L8nqbvXV8KZfwdi1wfhUolralL94=
github.com/Algo2147483647/golang_toolkit v0.0.8/go.mod h1:EtB02JIP5ehN5fp1WUZRJsbTDF9jd5mx7w47um9n0ZI=
gonum.org/v1/gonum v0.16.0 h1:5+ul4Swaf3ESvrOnidPp4GZbzf0mxVQpDCYUQE7OJfk=
gonum.org/v1/gonum v0.16.0/go.mod h1:fef3am4MQ93R2HHpKnLk4/Tbh/s0+wqD5nfa6Pnwy4E=
